
Microsoft Visual Studio Solution File, Format Version 12.00
# Visual Studio Version 17
VisualStudioVersion = 17.1.32328.378
MinimumVisualStudioVersion = 10.0.40219.1
Project("{FAE04EC0-301F-11D3-BF4B-00C04F79EFBC}") = "ConsoleAppNasledovanie", "ConsoleAppNasledovanie\ConsoleAppNasledovanie.csproj", "{33624CD5-4680-44FB-8C05-28383E550E17}"
EndProject
Global
	GlobalSection(SolutionConfigurationPlatforms) = preSolution
		Debug|Any CPU = Debug|Any CPU
		Release|Any CPU = Release|Any CPU
	EndGlobalSection
	GlobalSection(ProjectConfigurationPlatforms) = postSolution
		{33624CD5-4680-44FB-8C05-28383E550E17}.Debug|Any CPU.ActiveCfg = Debug|Any CPU
		{33624CD5-4680-44FB-8C05-28383E550E17}.Debug|Any CPU.Build.0 = Debug|Any CPU
		{33624CD5-4680-44FB-8C05-28383E550E17}.Release|Any CPU.ActiveCfg = Release|Any CPU
		{33624CD5-4680-44FB-8C05-28383E550E17}.Release|Any CPU.Build.0 = Release|Any CPU
	EndGlobalSection
	GlobalSection(SolutionProperties) = preSolution
		HideSolutionNode = FALSE
	EndGlobalSection
	GlobalSection(ExtensibilityGlobals) = postSolution
		SolutionGuid = {94EE581A-8D51-4E18-BF8B-2749951331A1}
	EndGlobalSection
EndGlobal
